github.com/beevik/etree v1.5.0 h1:iaQZFSDS+3kYZiGoc9uKeOkUY3nYMXOKLl6KIJxiJWs=
github.com/beevik/etree v1.5.0/go.mod h1:gPNJNaBGVZ9AwsidazFZyygnd+0pAU38N4D+WemwKNs=
github.com/deb-ict/go-xml v0.0.1-alpha h1:T6asa4Ts2qNHGOILmNXNoLYi+yph6jEvbMWiknctCOk=
github.com/deb-ict/go-xml v0.0.1-alpha/go.mod h1:n1mfx+zyWFGk39GzLC5KmPUqbNf85vjrUB/JHL7RlZY=
github.com/deb-ict/go-xml v0.0.2-alpha h1:CSz2V1XcaeGyK23tthfhy3W+pl1lGE5fzSmrxKwq3g4=
github.com/deb-ict/go-xml v0.0.2-alpha/go.mod h1:n1mfx+zyWFGk39GzLC5KmPUqbNf85vjrUB/JHL7RlZY=
github.com/deb-ict/go-xml v1.0.4-alpha h1:D9xCwOQl2LFqWqBiODFpbiaSCJpyuEbzqXzo59IFVOU=
github.com/deb-ict/go-xml v1.0.4-alpha/go.mod h1:n1mfx+zyWFGk39GzLC5KmPUqbNf85vjrUB/JHL7RlZY=
